{
  "pins" : [
    {
      "identity" : "disposable",
      "kind" : "remoteSourceControl",
      "location" : "https://github.com/GoodHatsLLC/Disposable.git",
      "state" : {
        "revision" : "ca65c7804f5e4754f86b2ba367de901e7f6629af",
        "version" : "0.6.0"
      }
    }
  ],
  "version" : 2
}
