{
  "pins" : [
    {
      "identity" : "disposable",
      "kind" : "remoteSourceControl",
      "location" : "https://github.com/GoodHatsLLC/Disposable.git",
      "state" : {
        "revision" : "2b6db4e812dc2dddb7743251224c29308976b3e3",
        "version" : "0.8.0"
      }
    }
  ],
  "version" : 2
}
